{
  "nodes": {
    "esp-idf-dev": {
      "inputs": {
        "flake-utils": [
          "flake-utils"
        ],
        "nixpkgs": [
          "nixpkgs"
        ]
      },
      "locked": {
        "lastModified": 1737481223,
        "narHash": "sha256-FJRJkdI+DNNp0OTHQXqYQnJOp3GS8x6Bl1uciBvuhfY=",
        "owner": "mirrexagon",
        "repo": "nixpkgs-esp-dev",
        "rev": "f3434d1fd5a51ec325a085d2638e6c1b7c132e5b",
        "type": "github"
      },
      "original": {
        "owner": "mirrexagon",
        "repo": "nixpkgs-esp-dev",
        "type": "github"
      }
    },
    "flake-utils": {
      "inputs": {
        "systems": "systems"
      },
      "locked": {
        "lastModified": 1731533236,
        "narHash": "sha256-l0KFg5HjrsfsO/JpG+r7fRrqm12kzFHyUHqHCVpMMbI=",
        "owner": "numtide",
        "repo": "flake-utils",
        "rev": "11707dc2f618dd54ca8739b309ec4fc024de578b",
        "type": "github"
      },
      "original": {
        "owner": "numtide",
        "repo": "flake-utils",
        "type": "github"
      }
    },
    "nixpkgs": {
      "locked": {
        "lastModified": 1727672256,
        "narHash": "sha256-9/79hjQc9+xyH+QxeMcRsA6hDyw6Z9Eo1/oxjvwirLk=",
        "owner": "NixOS",
        "repo": "nixpkgs",
        "rev": "1719f27dd95fd4206afb9cec9f415b539978827e",
        "type": "github"
      },
      "original": {
        "owner": "NixOS",
        "repo": "nixpkgs",
        "type": "github"
      }
    },
    "root": {
      "inputs": {
        "esp-idf-dev": "esp-idf-dev",
        "flake-utils": "flake-utils",
        "nixpkgs": "nixpkgs"
      }
    },
    "systems": {
      "locked": {
        "lastModified": 1681028828,
        "narHash": "sha256-Vy1rq5AaRuLzOxct8nz4T6wlgyUR7zLU309k9mBC768=",
        "owner": "nix-systems",
        "repo": "default",
        "rev": "da67096a3b9bf56a91d16901293e51ba5b49a27e",
        "type": "github"
      },
      "original": {
        "owner": "nix-systems",
        "repo": "default",
        "type": "github"
      }
    }
  },
  "root": "root",
  "version": 7
}
